
Microsoft Visual Studio Solution File, Format Version 12.00
# Visual Studio Version 17
VisualStudioVersion = 17.0.32126.317
MinimumVisualStudioVersion = 10.0.40219.1
Project("{FAE04EC0-301F-11D3-BF4B-00C04F79EFBC}") = "LoanManagerApp", "LoanManagerApp\LoanManagerApp.csproj", "{BBD96479-EECE-46B9-A575-3D418AD38412}"
EndProject
Global
	GlobalSection(SolutionConfigurationPlatforms) = preSolution
		Debug|Any CPU = Debug|Any CPU
		Release|Any CPU = Release|Any CPU
	EndGlobalSection
	GlobalSection(ProjectConfigurationPlatforms) = postSolution
		{BBD96479-EECE-46B9-A575-3D418AD38412}.Debug|Any CPU.ActiveCfg = Debug|Any CPU
		{BBD96479-EECE-46B9-A575-3D418AD38412}.Debug|Any CPU.Build.0 = Debug|Any CPU
		{BBD96479-EECE-46B9-A575-3D418AD38412}.Release|Any CPU.ActiveCfg = Release|Any CPU
		{BBD96479-EECE-46B9-A575-3D418AD38412}.Release|Any CPU.Build.0 = Release|Any CPU
	EndGlobalSection
	GlobalSection(SolutionProperties) = preSolution
		HideSolutionNode = FALSE
	EndGlobalSection
	GlobalSection(ExtensibilityGlobals) = postSolution
		SolutionGuid = {F5D04E7C-3075-49B3-B0FE-34C8EF2647AA}
	EndGlobalSection
EndGlobal
